// !$*UTF8*$!
{
	archiveVersion = 1;
	classes = {
	};
	objectVersion = 48;
	objects = {

/* Begin PBXBuildFile section */
		9413A5B11FA343D1005C7CEF /* AppDelegate.swift in Sources */ = {isa = PBXBuildFile; fileRef = 9413A5B01FA343D1005C7CEF /* AppDelegate.swift */; };
		9413A5B61FA343D1005C7CEF /* Main.storyboard in Resources */ = {isa = PBXBuildFile; fileRef = 9413A5B41FA343D1005C7CEF /* Main.storyboard */; };
		9413A5B81FA343D1005C7CEF /* Assets.xcassets in Resources */ = {isa = PBXBuildFile; fileRef = 9413A5B71FA343D1005C7CEF /* Assets.xcassets */; };
		9413A5BB1FA343D1005C7CEF /* LaunchScreen.storyboard in Resources */ = {isa = PBXBuildFile; fileRef = 9413A5B91FA343D1005C7CEF /* LaunchScreen.storyboard */; };
		9413A5C41FA3448B005C7CEF /* ViewController.swift in Sources */ = {isa = PBXBuildFile; fileRef = 9413A5C31FA3448B005C7CEF /* ViewController.swift */; };
		9413A5C61FA344AC005C7CEF /* LoginController.swift in Sources */ = {isa = PBXBuildFile; fileRef = 9413A5C51FA344AC005C7CEF /* LoginController.swift */; };
/* End PBXBuildFile section */

/* Begin PBXFileReference section */
		9413A5AD1FA343D1005C7CEF /* goTalk.app */ = {isa = PBXFileReference; explicitFileType = wrapper.application; includeInIndex = 0; path = goTalk.app; sourceTree = BUILT_PRODUCTS_DIR; };
		9413A5B01FA343D1005C7CEF /* AppDelegate.swift */ = {isa = PBXFileReference; lastKnownFileType = sourcecode.swift; path = AppDelegate.swift; sourceTree = "<group>"; };
		9413A5B51FA343D1005C7CEF /* Base */ = {isa = PBXFileReference; lastKnownFileType = file.storyboard; name = Base; path = Base.lproj/Main.storyboard; sourceTree = "<group>"; };
		9413A5B71FA343D1005C7CEF /* Assets.xcassets */ = {isa = PBXFileReference; lastKnownFileType = folder.assetcatalog; path = Assets.xcassets; sourceTree = "<group>"; };
		9413A5BA1FA343D1005C7CEF /* Base */ = {isa = PBXFileReference; lastKnownFileType = file.storyboard; name = Base; path = Base.lproj/LaunchScreen.storyboard; sourceTree = "<group>"; };
		9413A5BC1FA343D1005C7CEF /* Info.plist */ = {isa = PBXFileReference; lastKnownFileType = text.plist.xml; path = Info.plist; sourceTree = "<group>"; };
		9413A5C31FA3448B005C7CEF /* ViewController.swift */ = {isa = PBXFileReference; lastKnownFileType = sourcecode.swift; path = ViewController.swift; sourceTree = "<group>"; };
		9413A5C51FA344AC005C7CEF /* LoginController.swift */ = {isa = PBXFileReference; lastKnownFileType = sourcecode.swift; path = LoginController.swift; sourceTree = "<group>"; };
/* End PBXFileReference section */

/* Begin PBXFrameworksBuildPhase section */
		9413A5AA1FA343D1005C7CEF /* Frameworks */ = {
			isa = PBXFrameworksBuildPhase;
			buildActionMask = 2147483647;
			files = (
			);
			runOnlyForDeploymentPostprocessing = 0;
		};
/* End PBXFrameworksBuildPhase section */

/* Begin PBXGroup section */
		9413A5A41FA343D1005C7CEF = {
			isa = PBXGroup;
			children = (
				9413A5AF1FA343D1005C7CEF /* goTalk */,
				9413A5AE1FA343D1005C7CEF /* Products */,
			);
			sourceTree = "<group>";
		};
		9413A5AE1FA343D1005C7CEF /* Products */ = {
			isa = PBXGroup;
			children = (
				9413A5AD1FA343D1005C7CEF /* goTalk.app */,
			);
			name = Products;
			sourceTree = "<group>";
		};
		9413A5AF1FA343D1005C7CEF /* goTalk */ = {
			isa = PBXGroup;
			children = (
				9413A5C21FA3440C005C7CEF /* Controller */,
				9413A5B01FA343D1005C7CEF /* AppDelegate.swift */,
				9413A5B41FA343D1005C7CEF /* Main.storyboard */,
				9413A5B71FA343D1005C7CEF /* Assets.xcassets */,
				9413A5B91FA343D1005C7CEF /* LaunchScreen.storyboard */,
				9413A5BC1FA343D1005C7CEF /* Info.plist */,
			);
			path = goTalk;
			sourceTree = "<group>";
		};
		9413A5C21FA3440C005C7CEF /* Controller */ = {
			isa = PBXGroup;
			children = (
				9413A5C51FA344AC005C7CEF /* LoginController.swift */,
				9413A5C31FA3448B005C7CEF /* ViewController.swift */,
			);
			path = Controller;
			sourceTree = "<group>";
		};
/* End PBXGroup section */

/* Begin PBXNativeTarget section */
		9413A5AC1FA343D1005C7CEF /* goTalk */ = {
			isa = PBXNativeTarget;
			buildConfigurationList = 9413A5BF1FA343D1005C7CEF /* Build configuration list for PBXNativeTarget "goTalk" */;
			buildPhases = (
				9413A5A91FA343D1005C7CEF /* Sources */,
				9413A5AA1FA343D1005C7CEF /* Frameworks */,
				9413A5AB1FA343D1005C7CEF /* Resources */,
			);
			buildRules = (
			);
			dependencies = (
			);
			name = goTalk;
			productName = goTalk;
			productReference = 9413A5AD1FA343D1005C7CEF /* goTalk.app */;
			productType = "com.apple.product-type.application";
		};
/* End PBXNativeTarget section */

/* Begin PBXProject section */
		9413A5A51FA343D1005C7CEF /* Project object */ = {
			isa = PBXProject;
			attributes = {
				LastSwiftUpdateCheck = 0900;
				LastUpgradeCheck = 0900;
				ORGANIZATIONNAME = night.owls;
				TargetAttributes = {
					9413A5AC1FA343D1005C7CEF = {
						CreatedOnToolsVersion = 9.0.1;
						ProvisioningStyle = Manual;
					};
				};
			};
			buildConfigurationList = 9413A5A81FA343D1005C7CEF /* Build configuration list for PBXProject "goTalk" */;
			compatibilityVersion = "Xcode 8.0";
			developmentRegion = en;
			hasScannedForEncodings = 0;
			knownRegions = (
				en,
				Base,
			);
			mainGroup = 9413A5A41FA343D1005C7CEF;
			productRefGroup = 9413A5AE1FA343D1005C7CEF /* Products */;
			projectDirPath = "";
			projectRoot = "";
			targets = (
				9413A5AC1FA343D1005C7CEF /* goTalk */,
			);
		};
/* End PBXProject section */

/* Begin PBXResourcesBuildPhase section */
		9413A5AB1FA343D1005C7CEF /* Resources */ = {
			isa = PBXResourcesBuildPhase;
			buildActionMask = 2147483647;
			files = (
				9413A5BB1FA343D1005C7CEF /* LaunchScreen.storyboard in Resources */,
				9413A5B81FA343D1005C7CEF /* Assets.xcassets in Resources */,
				9413A5B61FA343D1005C7CEF /* Main.storyboard in Resources */,
			);
			runOnlyForDeploymentPostprocessing = 0;
		};
/* End PBXResourcesBuildPhase section */

/* Begin PBXSourcesBuildPhase section */
		9413A5A91FA343D1005C7CEF /* Sources */ = {
			isa = PBXSourcesBuildPhase;
			buildActionMask = 2147483647;
			files = (
				9413A5C41FA3448B005C7CEF /* ViewController.swift in Sources */,
				9413A5C61FA344AC005C7CEF /* LoginController.swift in Sources */,
				9413A5B11FA343D1005C7CEF /* AppDelegate.swift in Sources */,
			);
			runOnlyForDeploymentPostprocessing = 0;
		};
/* End PBXSourcesBuildPhase section */

/* Begin PBXVariantGroup section */
		9413A5B41FA343D1005C7CEF /* Main.storyboard */ = {
			isa = PBXVariantGroup;
			children = (
				9413A5B51FA343D1005C7CEF /* Base */,
			);
			name = Main.storyboard;
			sourceTree = "<group>";
		};
		9413A5B91FA343D1005C7CEF /* LaunchScreen.storyboard */ = {
			isa = PBXVariantGroup;
			children = (
				9413A5BA1FA343D1005C7CEF /* Base */,
			);
			name = LaunchScreen.storyboard;
			sourceTree = "<group>";
		};
/* End PBXVariantGroup section */

/* Begin XCBuildConfiguration section */
		9413A5BD1FA343D1005C7CEF /* Debug */ = {
			isa = XCBuildConfiguration;
			buildSettings = {
				ALWAYS_SEARCH_USER_PATHS = NO;
				CLANG_ANALYZER_NONNULL = YES;
				CLANG_ANALYZER_NUMBER_OBJECT_CONVERSION = YES_AGGRESSIVE;
				CLANG_CXX_LANGUAGE_STANDARD = "gnu++14";
				CLANG_CXX_LIBRARY = "libc++";
				CLANG_ENABLE_MODULES = YES;
				CLANG_ENABLE_OBJC_ARC = YES;
				CLANG_WARN_BLOCK_CAPTURE_AUTORELEASING = YES;
				CLANG_WARN_BOOL_CONVERSION = YES;
				CLANG_WARN_COMMA = YES;
				CLANG_WARN_CONSTANT_CONVERSION = YES;
				CLANG_WARN_DIRECT_OBJC_ISA_USAGE = YES_ERROR;
				CLANG_WARN_DOCUMENTATION_COMMENTS = YES;
				CLANG_WARN_EMPTY_BODY = YES;
				CLANG_WARN_ENUM_CONVERSION = YES;
				CLANG_WARN_INFINITE_RECURSION = YES;
				CLANG_WARN_INT_CONVERSION = YES;
				CLANG_WARN_NON_LITERAL_NULL_CONVERSION = YES;
				CLANG_WARN_OBJC_LITERAL_CONVERSION = YES;
				CLANG_WARN_OBJC_ROOT_CLASS = YES_ERROR;
				CLANG_WARN_RANGE_LOOP_ANALYSIS = YES;
				CLANG_WARN_STRICT_PROTOTYPES = YES;
				CLANG_WARN_SUSPICIOUS_MOVE = YES;
				CLANG_WARN_UNGUARDED_AVAILABILITY = YES_AGGRESSIVE;
				CLANG_WARN_UNREACHABLE_CODE = YES;
				CLANG_WARN__DUPLICATE_METHOD_MATCH = YES;
				CODE_SIGN_IDENTITY = "iPhone Developer";
				COPY_PHASE_STRIP = NO;
				DEBUG_INFORMATION_FORMAT = dwarf;
				ENABLE_STRICT_OBJC_MSGSEND = YES;
				ENABLE_TESTABILITY = YES;
				GCC_C_LANGUAGE_STANDARD = gnu11;
				GCC_DYNAMIC_NO_PIC = NO;
				GCC_NO_COMMON_BLOCKS = YES;
				GCC_OPTIMIZATION_LEVEL = 0;
				GCC_PREPROCESSOR_DEFINITIONS = (
					"DEBUG=1",
					"$(inherited)",
				);
				GCC_WARN_64_TO_32_BIT_CONVERSION = YES;
				GCC_WARN_ABOUT_RETURN_TYPE = YES_ERROR;
				GCC_WARN_UNDECLARED_SELECTOR = YES;
				GCC_WARN_UNINITIALIZED_AUTOS = YES_AGGRESSIVE;
				GCC_WARN_UNUSED_FUNCTION = YES;
				GCC_WARN_UNUSED_VARIABLE = YES;
				IPHONEOS_DEPLOYMENT_TARGET = 11.0;
				MTL_ENABLE_DEBUG_INFO = YES;
				ONLY_ACTIVE_ARCH = YES;
				SDKROOT = iphoneos;
				SWIFT_ACTIVE_COMPILATION_CONDITIONS = DEBUG;
				SWIFT_OPTIMIZATION_LEVEL = "-Onone";
			};
			name = Debug;
		};
		9413A5BE1FA343D1005C7CEF /* Release */ = {
			isa = XCBuildConfiguration;
			buildSettings = {
				ALWAYS_SEARCH_USER_PATHS = NO;
				CLANG_ANALYZER_NONNULL = YES;
				CLANG_ANALYZER_NUMBER_OBJECT_CONVERSION = YES_AGGRESSIVE;
				CLANG_CXX_LANGUAGE_STANDARD = "gnu++14";
				CLANG_CXX_LIBRARY = "libc++";
				CLANG_ENABLE_MODULES = YES;
				CLANG_ENABLE_OBJC_ARC = YES;
				CLANG_WARN_BLOCK_CAPTURE_AUTORELEASING = YES;
				CLANG_WARN_BOOL_CONVERSION = YES;
				CLANG_WARN_COMMA = YES;
				CLANG_WARN_CONSTANT_CONVERSION = YES;
				CLANG_WARN_DIRECT_OBJC_ISA_USAGE = YES_ERROR;
				CLANG_WARN_DOCUMENTATION_COMMENTS = YES;
				CLANG_WARN_EMPTY_BODY = YES;
				CLANG_WARN_ENUM_CONVERSION = YES;
				CLANG_WARN_INFINITE_RECURSION = YES;
				CLANG_WARN_INT_CONVERSION = YES;
				CLANG_WARN_NON_LITERAL_NULL_CONVERSION = YES;
				CLANG_WARN_OBJC_LITERAL_CONVERSION = YES;
				CLANG_WARN_OBJC_ROOT_CLASS = YES_ERROR;
				CLANG_WARN_RANGE_LOOP_ANALYSIS = YES;
				CLANG_WARN_STRICT_PROTOTYPES = YES;
				CLANG_WARN_SUSPICIOUS_MOVE = YES;
				CLANG_WARN_UNGUARDED_AVAILABILITY = YES_AGGRESSIVE;
				CLANG_WARN_UNREACHABLE_CODE = YES;
				CLANG_WARN__DUPLICATE_METHOD_MATCH = YES;
				CODE_SIGN_IDENTITY = "iPhone Developer";
				COPY_PHASE_STRIP = NO;
				DEBUG_INFORMATION_FORMAT = "dwarf-with-dsym";
				ENABLE_NS_ASSERTIONS = NO;
				ENABLE_STRICT_OBJC_MSGSEND = YES;
				GCC_C_LANGUAGE_STANDARD = gnu11;
				GCC_NO_COMMON_BLOCKS = YES;
				GCC_WARN_64_TO_32_BIT_CONVERSION = YES;
				GCC_WARN_ABOUT_RETURN_TYPE = YES_ERROR;
				GCC_WARN_UNDECLARED_SELECTOR = YES;
				GCC_WARN_UNINITIALIZED_AUTOS = YES_AGGRESSIVE;
				GCC_WARN_UNUSED_FUNCTION = YES;
				GCC_WARN_UNUSED_VARIABLE = YES;
				IPHONEOS_DEPLOYMENT_TARGET = 11.0;
				MTL_ENABLE_DEBUG_INFO = NO;
				SDKROOT = iphoneos;
				SWIFT_OPTIMIZATION_LEVEL = "-Owholemodule";
				VALIDATE_PRODUCT = YES;
			};
			name = Release;
		};
		9413A5C01FA343D1005C7CEF /* Debug */ = {
			isa = XCBuildConfiguration;
			buildSettings = {
				ASSETCATALOG_COMPILER_APPICON_NAME = AppIcon;
				CODE_SIGN_STYLE = Manual;
				DEVELOPMENT_TEAM = "";
				INFOPLIST_FILE = goTalk/Info.plist;
				IPHONEOS_DEPLOYMENT_TARGET = 11.0;
				LD_RUNPATH_SEARCH_PATHS = "$(inherited) @executable_path/Frameworks";
				PRODUCT_BUNDLE_IDENTIFIER = com.night.owls.goTalk;
				PRODUCT_NAME = "$(TARGET_NAME)";
				PROVISIONING_PROFILE_SPECIFIER = "";
				SWIFT_VERSION = 4.0;
				TARGETED_DEVICE_FAMILY = "1,2";
			};
			name = Debug;
		};
		9413A5C11FA343D1005C7CEF /* Release */ = {
			isa = XCBuildConfiguration;
			buildSettings = {
				ASSETCATALOG_COMPILER_APPICON_NAME = AppIcon;
				CODE_SIGN_STYLE = Manual;
				DEVELOPMENT_TEAM = "";
				INFOPLIST_FILE = goTalk/Info.plist;
				IPHONEOS_DEPLOYMENT_TARGET = 11.0;
				LD_RUNPATH_SEARCH_PATHS = "$(inherited) @executable_path/Frameworks";
				PRODUCT_BUNDLE_IDENTIFIER = com.night.owls.goTalk;
				PRODUCT_NAME = "$(TARGET_NAME)";
				PROVISIONING_PROFILE_SPECIFIER = "";
				SWIFT_VERSION = 4.0;
				TARGETED_DEVICE_FAMILY = "1,2";
			};
			name = Release;
		};
/* End XCBuildConfiguration section */

/* Begin XCConfigurationList section */
		9413A5A81FA343D1005C7CEF /* Build configuration list for PBXProject "goTalk" */ = {
			isa = XCConfigurationList;
			buildConfigurations = (
				9413A5BD1FA343D1005C7CEF /* Debug */,
				9413A5BE1FA343D1005C7CEF /* Release */,
			);
			defaultConfigurationIsVisible = 0;
			defaultConfigurationName = Release;
		};
		9413A5BF1FA343D1005C7CEF /* Build configuration list for PBXNativeTarget "goTalk" */ = {
			isa = XCConfigurationList;
			buildConfigurations = (
				9413A5C01FA343D1005C7CEF /* Debug */,
				9413A5C11FA343D1005C7CEF /* Release */,
			);
			defaultConfigurationIsVisible = 0;
			defaultConfigurationName = Release;
		};
/* End XCConfigurationList section */
	};
	rootObject = 9413A5A51FA343D1005C7CEF /* Project object */;
}
