// !$*UTF8*$!
{
	archiveVersion = 1;
	classes = {
	};
	objectVersion = 48;
	objects = {

/* Begin PBXBuildFile section */
		0738BB631FAC4E9900ACFF8D /* displayBar.swift in Sources */ = {isa = PBXBuildFile; fileRef = 0738BB621FAC4E9900ACFF8D /* displayBar.swift */; };
		0738BB671FAC872000ACFF8D /* LoginController.swift in Sources */ = {isa = PBXBuildFile; fileRef = 0738BB661FAC872000ACFF8D /* LoginController.swift */; };
		073CE3091FAC0B19000B3759 /* photoCollection.swift in Sources */ = {isa = PBXBuildFile; fileRef = 073CE3081FAC0B19000B3759 /* photoCollection.swift */; };
		073CE30C1FAC15C8000B3759 /* categoryCell.swift in Sources */ = {isa = PBXBuildFile; fileRef = 073CE30B1FAC15C8000B3759 /* categoryCell.swift */; };
		073CE3121FAC1C94000B3759 /* pictographDisplayCell.swift in Sources */ = {isa = PBXBuildFile; fileRef = 073CE3111FAC1C94000B3759 /* pictographDisplayCell.swift */; };
		073CE3161FAC228E000B3759 /* displayBarCell.swift in Sources */ = {isa = PBXBuildFile; fileRef = 073CE3151FAC228E000B3759 /* displayBarCell.swift */; };
		075DCB291FAFE91E0007517D /* registerController.swift in Sources */ = {isa = PBXBuildFile; fileRef = 075DCB281FAFE91E0007517D /* registerController.swift */; };
		BDAD10A41FB02CA400D0366D /* Info.plist in Resources */ = {isa = PBXBuildFile; fileRef = BDAD10A31FB02CA400D0366D /* Info.plist */; };
		CAB3A97F1FA53A700036147C /* AppDelegate.swift in Sources */ = {isa = PBXBuildFile; fileRef = CAB3A97E1FA53A700036147C /* AppDelegate.swift */; };
		CAB3A9811FA53A700036147C /* ViewController.swift in Sources */ = {isa = PBXBuildFile; fileRef = CAB3A9801FA53A700036147C /* ViewController.swift */; };
		CAB3A9841FA53A700036147C /* Main.storyboard in Resources */ = {isa = PBXBuildFile; fileRef = CAB3A9821FA53A700036147C /* Main.storyboard */; };
		CAB3A9861FA53A700036147C /* Assets.xcassets in Resources */ = {isa = PBXBuildFile; fileRef = CAB3A9851FA53A700036147C /* Assets.xcassets */; };
		CAB3A9891FA53A700036147C /* LaunchScreen.storyboard in Resources */ = {isa = PBXBuildFile; fileRef = CAB3A9871FA53A700036147C /* LaunchScreen.storyboard */; };
/* End PBXBuildFile section */

/* Begin PBXFileReference section */
		0738BB621FAC4E9900ACFF8D /* displayBar.swift */ = {isa = PBXFileReference; lastKnownFileType = sourcecode.swift; path = displayBar.swift; sourceTree = "<group>"; };
		0738BB661FAC872000ACFF8D /* LoginController.swift */ = {isa = PBXFileReference; lastKnownFileType = sourcecode.swift; path = LoginController.swift; sourceTree = "<group>"; };
		073CE3081FAC0B19000B3759 /* photoCollection.swift */ = {isa = PBXFileReference; lastKnownFileType = sourcecode.swift; path = photoCollection.swift; sourceTree = "<group>"; };
		073CE30B1FAC15C8000B3759 /* categoryCell.swift */ = {isa = PBXFileReference; lastKnownFileType = sourcecode.swift; path = categoryCell.swift; sourceTree = "<group>"; };
		073CE3111FAC1C94000B3759 /* pictographDisplayCell.swift */ = {isa = PBXFileReference; fileEncoding = 4; lastKnownFileType = sourcecode.swift; path = pictographDisplayCell.swift; sourceTree = "<group>"; };
		073CE3151FAC228E000B3759 /* displayBarCell.swift */ = {isa = PBXFileReference; fileEncoding = 4; lastKnownFileType = sourcecode.swift; path = displayBarCell.swift; sourceTree = "<group>"; };
		075DCB281FAFE91E0007517D /* registerController.swift */ = {isa = PBXFileReference; lastKnownFileType = sourcecode.swift; path = registerController.swift; sourceTree = "<group>"; };
		BDAD10A31FB02CA400D0366D /* Info.plist */ = {isa = PBXFileReference; fileEncoding = 4; lastKnownFileType = text.plist.xml; path = Info.plist; sourceTree = "<group>"; };
		CAB3A97B1FA53A700036147C /* goTalk.app */ = {isa = PBXFileReference; explicitFileType = wrapper.application; includeInIndex = 0; path = goTalk.app; sourceTree = BUILT_PRODUCTS_DIR; };
		CAB3A97E1FA53A700036147C /* AppDelegate.swift */ = {isa = PBXFileReference; lastKnownFileType = sourcecode.swift; path = AppDelegate.swift; sourceTree = "<group>"; };
		CAB3A9801FA53A700036147C /* ViewController.swift */ = {isa = PBXFileReference; lastKnownFileType = sourcecode.swift; path = ViewController.swift; sourceTree = "<group>"; };
		CAB3A9831FA53A700036147C /* Base */ = {isa = PBXFileReference; lastKnownFileType = file.storyboard; name = Base; path = Base.lproj/Main.storyboard; sourceTree = "<group>"; };
		CAB3A9851FA53A700036147C /* Assets.xcassets */ = {isa = PBXFileReference; lastKnownFileType = folder.assetcatalog; path = Assets.xcassets; sourceTree = "<group>"; };
		CAB3A9881FA53A700036147C /* Base */ = {isa = PBXFileReference; lastKnownFileType = file.storyboard; name = Base; path = Base.lproj/LaunchScreen.storyboard; sourceTree = "<group>"; };
/* End PBXFileReference section */

/* Begin PBXFrameworksBuildPhase section */
		CAB3A9781FA53A700036147C /* Frameworks */ = {
			isa = PBXFrameworksBuildPhase;
			buildActionMask = 2147483647;
			files = (
			);
			runOnlyForDeploymentPostprocessing = 0;
		};
/* End PBXFrameworksBuildPhase section */

/* Begin PBXGroup section */
		073CE3051FAC0AB7000B3759 /* Controller */ = {
			isa = PBXGroup;
			children = (
				CAB3A9801FA53A700036147C /* ViewController.swift */,
				075DCB281FAFE91E0007517D /* registerController.swift */,
				0738BB661FAC872000ACFF8D /* LoginController.swift */,
			);
			path = Controller;
			sourceTree = "<group>";
		};
		073CE3061FAC0ACB000B3759 /* SupportingFiles */ = {
			isa = PBXGroup;
			children = (
				CAB3A9871FA53A700036147C /* LaunchScreen.storyboard */,
				CAB3A97E1FA53A700036147C /* AppDelegate.swift */,
			);
			path = SupportingFiles;
			sourceTree = "<group>";
		};
		073CE3071FAC0AEC000B3759 /* Model */ = {
			isa = PBXGroup;
			children = (
				073CE3081FAC0B19000B3759 /* photoCollection.swift */,
				0738BB621FAC4E9900ACFF8D /* displayBar.swift */,
			);
			path = Model;
			sourceTree = "<group>";
		};
		073CE30A1FAC1573000B3759 /* Views */ = {
			isa = PBXGroup;
			children = (
				073CE3151FAC228E000B3759 /* displayBarCell.swift */,
				073CE3111FAC1C94000B3759 /* pictographDisplayCell.swift */,
				CAB3A9821FA53A700036147C /* Main.storyboard */,
				073CE30B1FAC15C8000B3759 /* categoryCell.swift */,
			);
			path = Views;
			sourceTree = "<group>";
		};
		CAB3A9721FA53A700036147C = {
			isa = PBXGroup;
			children = (
				CAB3A97D1FA53A700036147C /* goTalk */,
				CAB3A97C1FA53A700036147C /* Products */,
			);
			sourceTree = "<group>";
		};
		CAB3A97C1FA53A700036147C /* Products */ = {
			isa = PBXGroup;
			children = (
				CAB3A97B1FA53A700036147C /* goTalk.app */,
			);
			name = Products;
			sourceTree = "<group>";
		};
		CAB3A97D1FA53A700036147C /* goTalk */ = {
			isa = PBXGroup;
			children = (
				BDAD10A31FB02CA400D0366D /* Info.plist */,
				073CE3071FAC0AEC000B3759 /* Model */,
				073CE30A1FAC1573000B3759 /* Views */,
				073CE3051FAC0AB7000B3759 /* Controller */,
				073CE3061FAC0ACB000B3759 /* SupportingFiles */,
				CAB3A9851FA53A700036147C /* Assets.xcassets */,
			);
			path = goTalk;
			sourceTree = "<group>";
		};
/* End PBXGroup section */

/* Begin PBXNativeTarget section */
		CAB3A97A1FA53A700036147C /* goTalk */ = {
			isa = PBXNativeTarget;
			buildConfigurationList = CAB3A98D1FA53A700036147C /* Build configuration list for PBXNativeTarget "goTalk" */;
			buildPhases = (
				CAB3A9771FA53A700036147C /* Sources */,
				CAB3A9781FA53A700036147C /* Frameworks */,
				CAB3A9791FA53A700036147C /* Resources */,
			);
			buildRules = (
			);
			dependencies = (
			);
			name = goTalk;
			productName = test;
			productReference = CAB3A97B1FA53A700036147C /* goTalk.app */;
			productType = "com.apple.product-type.application";
		};
/* End PBXNativeTarget section */

/* Begin PBXProject section */
		CAB3A9731FA53A700036147C /* Project object */ = {
			isa = PBXProject;
			attributes = {
				LastSwiftUpdateCheck = 0900;
				LastUpgradeCheck = 0900;
				ORGANIZATIONNAME = "The Night Owls";
				TargetAttributes = {
					CAB3A97A1FA53A700036147C = {
						CreatedOnToolsVersion = 9.0.1;
						ProvisioningStyle = Automatic;
					};
				};
			};
			buildConfigurationList = CAB3A9761FA53A700036147C /* Build configuration list for PBXProject "goTalk" */;
			compatibilityVersion = "Xcode 8.0";
			developmentRegion = en;
			hasScannedForEncodings = 0;
			knownRegions = (
				en,
				Base,
			);
			mainGroup = CAB3A9721FA53A700036147C;
			productRefGroup = CAB3A97C1FA53A700036147C /* Products */;
			projectDirPath = "";
			projectRoot = "";
			targets = (
				CAB3A97A1FA53A700036147C /* goTalk */,
			);
		};
/* End PBXProject section */

/* Begin PBXResourcesBuildPhase section */
		CAB3A9791FA53A700036147C /* Resources */ = {
			isa = PBXResourcesBuildPhase;
			buildActionMask = 2147483647;
			files = (
				BDAD10A41FB02CA400D0366D /* Info.plist in Resources */,
				CAB3A9891FA53A700036147C /* LaunchScreen.storyboard in Resources */,
				CAB3A9861FA53A700036147C /* Assets.xcassets in Resources */,
				CAB3A9841FA53A700036147C /* Main.storyboard in Resources */,
			);
			runOnlyForDeploymentPostprocessing = 0;
		};
/* End PBXResourcesBuildPhase section */

/* Begin PBXSourcesBuildPhase section */
		CAB3A9771FA53A700036147C /* Sources */ = {
			isa = PBXSourcesBuildPhase;
			buildActionMask = 2147483647;
			files = (
				073CE3161FAC228E000B3759 /* displayBarCell.swift in Sources */,
				073CE3121FAC1C94000B3759 /* pictographDisplayCell.swift in Sources */,
				CAB3A9811FA53A700036147C /* ViewController.swift in Sources */,
				073CE30C1FAC15C8000B3759 /* categoryCell.swift in Sources */,
				075DCB291FAFE91E0007517D /* registerController.swift in Sources */,
				0738BB631FAC4E9900ACFF8D /* displayBar.swift in Sources */,
				0738BB671FAC872000ACFF8D /* LoginController.swift in Sources */,
				073CE3091FAC0B19000B3759 /* photoCollection.swift in Sources */,
				CAB3A97F1FA53A700036147C /* AppDelegate.swift in Sources */,
			);
			runOnlyForDeploymentPostprocessing = 0;
		};
/* End PBXSourcesBuildPhase section */

/* Begin PBXVariantGroup section */
		CAB3A9821FA53A700036147C /* Main.storyboard */ = {
			isa = PBXVariantGroup;
			children = (
				CAB3A9831FA53A700036147C /* Base */,
			);
			name = Main.storyboard;
			sourceTree = "<group>";
		};
		CAB3A9871FA53A700036147C /* LaunchScreen.storyboard */ = {
			isa = PBXVariantGroup;
			children = (
				CAB3A9881FA53A700036147C /* Base */,
			);
			name = LaunchScreen.storyboard;
			sourceTree = "<group>";
		};
/* End PBXVariantGroup section */

/* Begin XCBuildConfiguration section */
		CAB3A98B1FA53A700036147C /* Debug */ = {
			isa = XCBuildConfiguration;
			buildSettings = {
				ALWAYS_SEARCH_USER_PATHS = NO;
				CLANG_ANALYZER_NONNULL = YES;
				CLANG_ANALYZER_NUMBER_OBJECT_CONVERSION = YES_AGGRESSIVE;
				CLANG_CXX_LANGUAGE_STANDARD = "gnu++14";
				CLANG_CXX_LIBRARY = "libc++";
				CLANG_ENABLE_MODULES = YES;
				CLANG_ENABLE_OBJC_ARC = YES;
				CLANG_WARN_BLOCK_CAPTURE_AUTORELEASING = YES;
				CLANG_WARN_BOOL_CONVERSION = YES;
				CLANG_WARN_COMMA = YES;
				CLANG_WARN_CONSTANT_CONVERSION = YES;
				CLANG_WARN_DIRECT_OBJC_ISA_USAGE = YES_ERROR;
				CLANG_WARN_DOCUMENTATION_COMMENTS = YES;
				CLANG_WARN_EMPTY_BODY = YES;
				CLANG_WARN_ENUM_CONVERSION = YES;
				CLANG_WARN_INFINITE_RECURSION = YES;
				CLANG_WARN_INT_CONVERSION = YES;
				CLANG_WARN_NON_LITERAL_NULL_CONVERSION = YES;
				CLANG_WARN_OBJC_LITERAL_CONVERSION = YES;
				CLANG_WARN_OBJC_ROOT_CLASS = YES_ERROR;
				CLANG_WARN_RANGE_LOOP_ANALYSIS = YES;
				CLANG_WARN_STRICT_PROTOTYPES = YES;
				CLANG_WARN_SUSPICIOUS_MOVE = YES;
				CLANG_WARN_UNGUARDED_AVAILABILITY = YES_AGGRESSIVE;
				CLANG_WARN_UNREACHABLE_CODE = YES;
				CLANG_WARN__DUPLICATE_METHOD_MATCH = YES;
				CODE_SIGN_IDENTITY = "iPhone Developer";
				COPY_PHASE_STRIP = NO;
				DEBUG_INFORMATION_FORMAT = dwarf;
				ENABLE_STRICT_OBJC_MSGSEND = YES;
				ENABLE_TESTABILITY = YES;
				GCC_C_LANGUAGE_STANDARD = gnu11;
				GCC_DYNAMIC_NO_PIC = NO;
				GCC_NO_COMMON_BLOCKS = YES;
				GCC_OPTIMIZATION_LEVEL = 0;
				GCC_PREPROCESSOR_DEFINITIONS = (
					"DEBUG=1",
					"$(inherited)",
				);
				GCC_WARN_64_TO_32_BIT_CONVERSION = YES;
				GCC_WARN_ABOUT_RETURN_TYPE = YES_ERROR;
				GCC_WARN_UNDECLARED_SELECTOR = YES;
				GCC_WARN_UNINITIALIZED_AUTOS = YES_AGGRESSIVE;
				GCC_WARN_UNUSED_FUNCTION = YES;
				GCC_WARN_UNUSED_VARIABLE = YES;
				IPHONEOS_DEPLOYMENT_TARGET = 11.0;
				MTL_ENABLE_DEBUG_INFO = YES;
				ONLY_ACTIVE_ARCH = YES;
				SDKROOT = iphoneos;
				SWIFT_ACTIVE_COMPILATION_CONDITIONS = DEBUG;
				SWIFT_OPTIMIZATION_LEVEL = "-Onone";
			};
			name = Debug;
		};
		CAB3A98C1FA53A700036147C /* Release */ = {
			isa = XCBuildConfiguration;
			buildSettings = {
				ALWAYS_SEARCH_USER_PATHS = NO;
				CLANG_ANALYZER_NONNULL = YES;
				CLANG_ANALYZER_NUMBER_OBJECT_CONVERSION = YES_AGGRESSIVE;
				CLANG_CXX_LANGUAGE_STANDARD = "gnu++14";
				CLANG_CXX_LIBRARY = "libc++";
				CLANG_ENABLE_MODULES = YES;
				CLANG_ENABLE_OBJC_ARC = YES;
				CLANG_WARN_BLOCK_CAPTURE_AUTORELEASING = YES;
				CLANG_WARN_BOOL_CONVERSION = YES;
				CLANG_WARN_COMMA = YES;
				CLANG_WARN_CONSTANT_CONVERSION = YES;
				CLANG_WARN_DIRECT_OBJC_ISA_USAGE = YES_ERROR;
				CLANG_WARN_DOCUMENTATION_COMMENTS = YES;
				CLANG_WARN_EMPTY_BODY = YES;
				CLANG_WARN_ENUM_CONVERSION = YES;
				CLANG_WARN_INFINITE_RECURSION = YES;
				CLANG_WARN_INT_CONVERSION = YES;
				CLANG_WARN_NON_LITERAL_NULL_CONVERSION = YES;
				CLANG_WARN_OBJC_LITERAL_CONVERSION = YES;
				CLANG_WARN_OBJC_ROOT_CLASS = YES_ERROR;
				CLANG_WARN_RANGE_LOOP_ANALYSIS = YES;
				CLANG_WARN_STRICT_PROTOTYPES = YES;
				CLANG_WARN_SUSPICIOUS_MOVE = YES;
				CLANG_WARN_UNGUARDED_AVAILABILITY = YES_AGGRESSIVE;
				CLANG_WARN_UNREACHABLE_CODE = YES;
				CLANG_WARN__DUPLICATE_METHOD_MATCH = YES;
				CODE_SIGN_IDENTITY = "iPhone Developer";
				COPY_PHASE_STRIP = NO;
				DEBUG_INFORMATION_FORMAT = "dwarf-with-dsym";
				ENABLE_NS_ASSERTIONS = NO;
				ENABLE_STRICT_OBJC_MSGSEND = YES;
				GCC_C_LANGUAGE_STANDARD = gnu11;
				GCC_NO_COMMON_BLOCKS = YES;
				GCC_WARN_64_TO_32_BIT_CONVERSION = YES;
				GCC_WARN_ABOUT_RETURN_TYPE = YES_ERROR;
				GCC_WARN_UNDECLARED_SELECTOR = YES;
				GCC_WARN_UNINITIALIZED_AUTOS = YES_AGGRESSIVE;
				GCC_WARN_UNUSED_FUNCTION = YES;
				GCC_WARN_UNUSED_VARIABLE = YES;
				IPHONEOS_DEPLOYMENT_TARGET = 11.0;
				MTL_ENABLE_DEBUG_INFO = NO;
				SDKROOT = iphoneos;
				SWIFT_OPTIMIZATION_LEVEL = "-Owholemodule";
				VALIDATE_PRODUCT = YES;
			};
			name = Release;
		};
		CAB3A98E1FA53A700036147C /* Debug */ = {
			isa = XCBuildConfiguration;
			buildSettings = {
				ASSETCATALOG_COMPILER_APPICON_NAME = AppIcon;
				CODE_SIGN_STYLE = Automatic;
				DEVELOPMENT_TEAM = "";
				INFOPLIST_FILE = "$(SRCROOT)/goTalk/Info.plist";
				LD_RUNPATH_SEARCH_PATHS = "$(inherited) @executable_path/Frameworks";
				PRODUCT_BUNDLE_IDENTIFIER = ghj.test;
				PRODUCT_NAME = "$(TARGET_NAME)";
				SWIFT_VERSION = 4.0;
				TARGETED_DEVICE_FAMILY = "1,2";
			};
			name = Debug;
		};
		CAB3A98F1FA53A700036147C /* Release */ = {
			isa = XCBuildConfiguration;
			buildSettings = {
				ASSETCATALOG_COMPILER_APPICON_NAME = AppIcon;
				CODE_SIGN_STYLE = Automatic;
				DEVELOPMENT_TEAM = "";
				INFOPLIST_FILE = "$(SRCROOT)/goTalk/Info.plist";
				LD_RUNPATH_SEARCH_PATHS = "$(inherited) @executable_path/Frameworks";
				PRODUCT_BUNDLE_IDENTIFIER = ghj.test;
				PRODUCT_NAME = "$(TARGET_NAME)";
				SWIFT_VERSION = 4.0;
				TARGETED_DEVICE_FAMILY = "1,2";
			};
			name = Release;
		};
/* End XCBuildConfiguration section */

/* Begin XCConfigurationList section */
		CAB3A9761FA53A700036147C /* Build configuration list for PBXProject "goTalk" */ = {
			isa = XCConfigurationList;
			buildConfigurations = (
				CAB3A98B1FA53A700036147C /* Debug */,
				CAB3A98C1FA53A700036147C /* Release */,
			);
			defaultConfigurationIsVisible = 0;
			defaultConfigurationName = Release;
		};
		CAB3A98D1FA53A700036147C /* Build configuration list for PBXNativeTarget "goTalk" */ = {
			isa = XCConfigurationList;
			buildConfigurations = (
				CAB3A98E1FA53A700036147C /* Debug */,
				CAB3A98F1FA53A700036147C /* Release */,
			);
			defaultConfigurationIsVisible = 0;
			defaultConfigurationName = Release;
		};
/* End XCConfigurationList section */
	};
	rootObject = CAB3A9731FA53A700036147C /* Project object */;
}
